
Microsoft Visual Studio Solution File, Format Version 12.00
# Visual Studio Version 17
VisualStudioVersion = 17.4.33110.190
MinimumVisualStudioVersion = 10.0.40219.1
Project("{FAE04EC0-301F-11D3-BF4B-00C04F79EFBC}") = "EquipmentSells", "EquipmentSells\EquipmentSells.csproj", "{C75162BD-FE5F-4D2B-AED5-8C762C5B3087}"
EndProject
Global
	GlobalSection(SolutionConfigurationPlatforms) = preSolution
		Debug|Any CPU = Debug|Any CPU
		Release|Any CPU = Release|Any CPU
	EndGlobalSection
	GlobalSection(ProjectConfigurationPlatforms) = postSolution
		{C75162BD-FE5F-4D2B-AED5-8C762C5B3087}.Debug|Any CPU.ActiveCfg = Debug|Any CPU
		{C75162BD-FE5F-4D2B-AED5-8C762C5B3087}.Debug|Any CPU.Build.0 = Debug|Any CPU
		{C75162BD-FE5F-4D2B-AED5-8C762C5B3087}.Release|Any CPU.ActiveCfg = Release|Any CPU
		{C75162BD-FE5F-4D2B-AED5-8C762C5B3087}.Release|Any CPU.Build.0 = Release|Any CPU
	EndGlobalSection
	GlobalSection(SolutionProperties) = preSolution
		HideSolutionNode = FALSE
	EndGlobalSection
	GlobalSection(ExtensibilityGlobals) = postSolution
		SolutionGuid = {CB9339AB-D87E-4C18-A6F4-13499546033D}
	EndGlobalSection
EndGlobal
